
Microsoft Visual Studio Solution File, Format Version 12.00
# Visual Studio 15
VisualStudioVersion = 15.0.27004.2005
MinimumVisualStudioVersion = 10.0.40219.1
Project("{FAE04EC0-301F-11D3-BF4B-00C04F79EFBC}") = "Lab5Mzl", "Lab5Mzl\Lab5Mzl.csproj", "{F1C9C6DC-DB5A-42EB-BEBD-0C34055A374F}"
EndProject
Global
	GlobalSection(SolutionConfigurationPlatforms) = preSolution
		Debug|Any CPU = Debug|Any CPU
		Release|Any CPU = Release|Any CPU
	EndGlobalSection
	GlobalSection(ProjectConfigurationPlatforms) = postSolution
		{F1C9C6DC-DB5A-42EB-BEBD-0C34055A374F}.Debug|Any CPU.ActiveCfg = Debug|Any CPU
		{F1C9C6DC-DB5A-42EB-BEBD-0C34055A374F}.Debug|Any CPU.Build.0 = Debug|Any CPU
		{F1C9C6DC-DB5A-42EB-BEBD-0C34055A374F}.Release|Any CPU.ActiveCfg = Release|Any CPU
		{F1C9C6DC-DB5A-42EB-BEBD-0C34055A374F}.Release|Any CPU.Build.0 = Release|Any CPU
	EndGlobalSection
	GlobalSection(SolutionProperties) = preSolution
		HideSolutionNode = FALSE
	EndGlobalSection
	GlobalSection(ExtensibilityGlobals) = postSolution
		SolutionGuid = {79E8CD3A-B511-4C44-BF08-2FE7626E1CA5}
	EndGlobalSection
EndGlobal
